Microsoft Visual Studio Solution File, Format Version 12.00
# Visual Studio Version 17
VisualStudioVersion = 17.5.2.0
MinimumVisualStudioVersion = 10.0.40219.1
Project("{FAE04EC0-301F-11D3-BF4B-00C04F79EFBC}") = "mfumo", "mfumo.csproj", "{05FB41D2-A829-B18E-9F54-E81B984D439E}"
EndProject
Global
	GlobalSection(SolutionConfigurationPlatforms) = preSolution
		Debug|Any CPU = Debug|Any CPU
		Release|Any CPU = Release|Any CPU
	EndGlobalSection
	GlobalSection(ProjectConfigurationPlatforms) = postSolution
		{05FB41D2-A829-B18E-9F54-E81B984D439E}.Debug|Any CPU.ActiveCfg = Debug|Any CPU
		{05FB41D2-A829-B18E-9F54-E81B984D439E}.Debug|Any CPU.Build.0 = Debug|Any CPU
		{05FB41D2-A829-B18E-9F54-E81B984D439E}.Release|Any CPU.ActiveCfg = Release|Any CPU
		{05FB41D2-A829-B18E-9F54-E81B984D439E}.Release|Any CPU.Build.0 = Release|Any CPU
	EndGlobalSection
	GlobalSection(SolutionProperties) = preSolution
		HideSolutionNode = FALSE
	EndGlobalSection
	GlobalSection(ExtensibilityGlobals) = postSolution
		SolutionGuid = {9BE61A2C-41F4-4370-B5CD-9863CE152515}
	EndGlobalSection
EndGlobal
